
Microsoft Visual Studio Solution File, Format Version 12.00
# Visual Studio 2013
VisualStudioVersion = 12.0.31101.0
MinimumVisualStudioVersion = 10.0.40219.1
Project("{FAE04EC0-301F-11D3-BF4B-00C04F79EFBC}") = "MasterServer", "MasterServer\MasterServer.csproj", "{1CDBB020-72F1-498D-B91C-270320B534A4}"
EndProject
Project("{FAE04EC0-301F-11D3-BF4B-00C04F79EFBC}") = "ExtantLibrary", "..\SharedComponents\ExtantLibrary\ExtantLibrary.csproj", "{598BB5EF-795B-478C-AD1F-323BE7077BEB}"
EndProject
Project("{FAE04EC0-301F-11D3-BF4B-00C04F79EFBC}") = "ServerToServer", "..\SharedComponents\ServerToServer\ServerToServer.csproj", "{6831C8AE-D11A-499D-B2BA-C095AB29959E}"
EndProject
Global
	GlobalSection(SolutionConfigurationPlatforms) = preSolution
		Debug|Any CPU = Debug|Any CPU
		Release|Any CPU = Release|Any CPU
	EndGlobalSection
	GlobalSection(ProjectConfigurationPlatforms) = postSolution
		{1CDBB020-72F1-498D-B91C-270320B534A4}.Debug|Any CPU.ActiveCfg = Debug|Any CPU
		{1CDBB020-72F1-498D-B91C-270320B534A4}.Debug|Any CPU.Build.0 = Debug|Any CPU
		{1CDBB020-72F1-498D-B91C-270320B534A4}.Release|Any CPU.ActiveCfg = Release|Any CPU
		{1CDBB020-72F1-498D-B91C-270320B534A4}.Release|Any CPU.Build.0 = Release|Any CPU
		{598BB5EF-795B-478C-AD1F-323BE7077BEB}.Debug|Any CPU.ActiveCfg = Debug|Any CPU
		{598BB5EF-795B-478C-AD1F-323BE7077BEB}.Debug|Any CPU.Build.0 = Debug|Any CPU
		{598BB5EF-795B-478C-AD1F-323BE7077BEB}.Release|Any CPU.ActiveCfg = Release|Any CPU
		{598BB5EF-795B-478C-AD1F-323BE7077BEB}.Release|Any CPU.Build.0 = Release|Any CPU
		{6831C8AE-D11A-499D-B2BA-C095AB29959E}.Debug|Any CPU.ActiveCfg = Debug|Any CPU
		{6831C8AE-D11A-499D-B2BA-C095AB29959E}.Debug|Any CPU.Build.0 = Debug|Any CPU
		{6831C8AE-D11A-499D-B2BA-C095AB29959E}.Release|Any CPU.ActiveCfg = Release|Any CPU
		{6831C8AE-D11A-499D-B2BA-C095AB29959E}.Release|Any CPU.Build.0 = Release|Any CPU
	EndGlobalSection
	GlobalSection(SolutionProperties) = preSolution
		HideSolutionNode = FALSE
	EndGlobalSection
EndGlobal
